
Microsoft Visual Studio Solution File, Format Version 9.00
# Visual Studio 2005
Project("{8BC9CEB8-8B4A-11D0-8D11-00A0C91BC942}") = "nsRestartExplorer", "nsRestartExplorer.vcproj", "{6AD989DC-28C8-45D3-B2B1-BFCBC4D572FD}"
EndProject
Global
	GlobalSection(SolutionConfigurationPlatforms) = preSolution
		Debug|Win32 = Debug|Win32
		Release Ansi|Win32 = Release Ansi|Win32
		Release|Win32 = Release|Win32
	EndGlobalSection
	GlobalSection(ProjectConfigurationPlatforms) = postSolution
		{6AD989DC-28C8-45D3-B2B1-BFCBC4D572FD}.Debug|Win32.ActiveCfg = Debug|Win32
		{6AD989DC-28C8-45D3-B2B1-BFCBC4D572FD}.Debug|Win32.Build.0 = Debug|Win32
		{6AD989DC-28C8-45D3-B2B1-BFCBC4D572FD}.Release Ansi|Win32.ActiveCfg = Release Ansi|Win32
		{6AD989DC-28C8-45D3-B2B1-BFCBC4D572FD}.Release Ansi|Win32.Build.0 = Release Ansi|Win32
		{6AD989DC-28C8-45D3-B2B1-BFCBC4D572FD}.Release|Win32.ActiveCfg = Release|Win32
		{6AD989DC-28C8-45D3-B2B1-BFCBC4D572FD}.Release|Win32.Build.0 = Release|Win32
	EndGlobalSection
	GlobalSection(SolutionProperties) = preSolution
		HideSolutionNode = FALSE
	EndGlobalSection
EndGlobal
